
Microsoft Visual Studio Solution File, Format Version 12.00
# Visual Studio Version 16
VisualStudioVersion = 16.0.30717.126
MinimumVisualStudioVersion = 10.0.40219.1
Project("{FAE04EC0-301F-11D3-BF4B-00C04F79EFBC}") = "DZ_Selenium_Web", "DZ_Selenium_Web.csproj", "{AE70E417-CD49-434D-9474-E538DF9C993B}"
EndProject
Global
	GlobalSection(SolutionConfigurationPlatforms) = preSolution
		Debug|Any CPU = Debug|Any CPU
		Release|Any CPU = Release|Any CPU
	EndGlobalSection
	GlobalSection(ProjectConfigurationPlatforms) = postSolution
		{AE70E417-CD49-434D-9474-E538DF9C993B}.Debug|Any CPU.ActiveCfg = Debug|Any CPU
		{AE70E417-CD49-434D-9474-E538DF9C993B}.Debug|Any CPU.Build.0 = Debug|Any CPU
		{AE70E417-CD49-434D-9474-E538DF9C993B}.Release|Any CPU.ActiveCfg = Release|Any CPU
		{AE70E417-CD49-434D-9474-E538DF9C993B}.Release|Any CPU.Build.0 = Release|Any CPU
	EndGlobalSection
	GlobalSection(SolutionProperties) = preSolution
		HideSolutionNode = FALSE
	EndGlobalSection
	GlobalSection(ExtensibilityGlobals) = postSolution
		SolutionGuid = {CCD4F530-A490-4869-BFDC-BDB004834422}
	EndGlobalSection
EndGlobal
